Microsoft Visual Studio Solution File, Format Version 12.00
# Visual Studio Version 17
VisualStudioVersion = 17.5.2.0
MinimumVisualStudioVersion = 10.0.40219.1
Project("{FAE04EC0-301F-11D3-BF4B-00C04F79EFBC}") = "esperto contra sabido", "esperto contra sabido.csproj", "{408AE2C2-58B2-24B6-C1B3-B7B05D935D92}"
EndProject
Global
	GlobalSection(SolutionConfigurationPlatforms) = preSolution
		Debug|Any CPU = Debug|Any CPU
		Release|Any CPU = Release|Any CPU
	EndGlobalSection
	GlobalSection(ProjectConfigurationPlatforms) = postSolution
		{408AE2C2-58B2-24B6-C1B3-B7B05D935D92}.Debug|Any CPU.ActiveCfg = Debug|Any CPU
		{408AE2C2-58B2-24B6-C1B3-B7B05D935D92}.Debug|Any CPU.Build.0 = Debug|Any CPU
		{408AE2C2-58B2-24B6-C1B3-B7B05D935D92}.Release|Any CPU.ActiveCfg = Release|Any CPU
		{408AE2C2-58B2-24B6-C1B3-B7B05D935D92}.Release|Any CPU.Build.0 = Release|Any CPU
	EndGlobalSection
	GlobalSection(SolutionProperties) = preSolution
		HideSolutionNode = FALSE
	EndGlobalSection
	GlobalSection(ExtensibilityGlobals) = postSolution
		SolutionGuid = {8205148C-0BE5-481E-8FFE-4518D44D1C5D}
	EndGlobalSection
EndGlobal
